
Microsoft Visual Studio Solution File, Format Version 12.00
# Visual Studio Version 17
VisualStudioVersion = 17.14.36603.0 d17.14
MinimumVisualStudioVersion = 10.0.40219.1
Project("{FAE04EC0-301F-11D3-BF4B-00C04F79EFBC}") = "PracticaXMLDinamica", "PracticaXMLDinamica\PracticaXMLDinamica.csproj", "{E32404D2-F61D-44E1-A4E8-BD5C72138ACB}"
EndProject
Global
	GlobalSection(SolutionConfigurationPlatforms) = preSolution
		Debug|Any CPU = Debug|Any CPU
		Release|Any CPU = Release|Any CPU
	EndGlobalSection
	GlobalSection(ProjectConfigurationPlatforms) = postSolution
		{E32404D2-F61D-44E1-A4E8-BD5C72138ACB}.Debug|Any CPU.ActiveCfg = Debug|Any CPU
		{E32404D2-F61D-44E1-A4E8-BD5C72138ACB}.Debug|Any CPU.Build.0 = Debug|Any CPU
		{E32404D2-F61D-44E1-A4E8-BD5C72138ACB}.Release|Any CPU.ActiveCfg = Release|Any CPU
		{E32404D2-F61D-44E1-A4E8-BD5C72138ACB}.Release|Any CPU.Build.0 = Release|Any CPU
	EndGlobalSection
	GlobalSection(SolutionProperties) = preSolution
		HideSolutionNode = FALSE
	EndGlobalSection
	GlobalSection(ExtensibilityGlobals) = postSolution
		SolutionGuid = {17B5E9C2-251E-4CE2-A67F-42E6CC8339A2}
	EndGlobalSection
EndGlobal
